// !$*UTF8*$!
{
	archiveVersion = 1;
	classes = {
	};
	objectVersion = 56;
	objects = {

/* Begin PBXBuildFile section */
		3026FF242CCB749B007E854D /* Coordinator.swift in Sources */ = {isa = PBXBuildFile; fileRef = 3026FF232CCB749B007E854D /* Coordinator.swift */; };
		3026FF282CCB7641007E854D /* BaseViewModel.swift in Sources */ = {isa = PBXBuildFile; fileRef = 3026FF272CCB7641007E854D /* BaseViewModel.swift */; };
		3026FF2A2CCB764C007E854D /* SurveyViewController.swift in Sources */ = {isa = PBXBuildFile; fileRef = 3026FF292CCB764C007E854D /* SurveyViewController.swift */; };
		3026FF2C2CCB7655007E854D /* SurveyViewModel.swift in Sources */ = {isa = PBXBuildFile; fileRef = 3026FF2B2CCB7655007E854D /* SurveyViewModel.swift */; };
		3026FF2E2CCB76DE007E854D /* SurveyHistoryViewController.swift in Sources */ = {isa = PBXBuildFile; fileRef = 3026FF2D2CCB76DE007E854D /* SurveyHistoryViewController.swift */; };
		3026FF302CCB76EE007E854D /* SurveyHistoryViewModel.swift in Sources */ = {isa = PBXBuildFile; fileRef = 3026FF2F2CCB76EE007E854D /* SurveyHistoryViewModel.swift */; };
		3026FF352CCB7743007E854D /* SurveyDetailsViewController.swift in Sources */ = {isa = PBXBuildFile; fileRef = 3026FF342CCB7743007E854D /* SurveyDetailsViewController.swift */; };
		3026FF372CCB7757007E854D /* SurveyDetailsViewModel.swift in Sources */ = {isa = PBXBuildFile; fileRef = 3026FF362CCB7757007E854D /* SurveyDetailsViewModel.swift */; };
		3026FF3A2CCB77CC007E854D /* SurveyCoordinator.swift in Sources */ = {isa = PBXBuildFile; fileRef = 3026FF392CCB77CC007E854D /* SurveyCoordinator.swift */; };
		3026FF3C2CCB77D9007E854D /* SurveyHistoryCoordinator.swift in Sources */ = {isa = PBXBuildFile; fileRef = 3026FF3B2CCB77D9007E854D /* SurveyHistoryCoordinator.swift */; };
		3026FF3F2CCB7C6E007E854D /* User.m in Sources */ = {isa = PBXBuildFile; fileRef = 3026FF3E2CCB7C6E007E854D /* User.m */; };
		3026FF422CCB7CFA007E854D /* Interest.m in Sources */ = {isa = PBXBuildFile; fileRef = 3026FF412CCB7CFA007E854D /* Interest.m */; };
		3026FF472CCB8366007E854D /* UserSerializationService.m in Sources */ = {isa = PBXBuildFile; fileRef = 3026FF462CCB8366007E854D /* UserSerializationService.m */; };
		3026FF4A2CCB83C4007E854D /* RealmStorageService.m in Sources */ = {isa = PBXBuildFile; fileRef = 3026FF492CCB83C4007E854D /* RealmStorageService.m */; };
		3026FF5B2CCB845F007E854D /* nPhaseTestProjectTests.swift in Sources */ = {isa = PBXBuildFile; fileRef = 3026FF592CCB845F007E854D /* nPhaseTestProjectTests.swift */; };
		3026FF5E2CCB8FB4007E854D /* UserJSONRealm.m in Sources */ = {isa = PBXBuildFile; fileRef = 3026FF5D2CCB8FB3007E854D /* UserJSONRealm.m */; };
		3088FCEE2CCB6E7D009E8703 /* AppDelegate.swift in Sources */ = {isa = PBXBuildFile; fileRef = 3088FCE72CCB6E7D009E8703 /* AppDelegate.swift */; };
		3088FCEF2CCB6E7D009E8703 /* SurveyHomeViewController.swift in Sources */ = {isa = PBXBuildFile; fileRef = 3088FCEC2CCB6E7D009E8703 /* SurveyHomeViewController.swift */; };
		3088FCF02CCB6E7D009E8703 /* Assets.xcassets in Resources */ = {isa = PBXBuildFile; fileRef = 3088FCE82CCB6E7D009E8703 /* Assets.xcassets */; };
		3088FCF22CCB6E7D009E8703 /* LaunchScreen.storyboard in Resources */ = {isa = PBXBuildFile; fileRef = 3088FCEB2CCB6E7D009E8703 /* LaunchScreen.storyboard */; };
		756AFC5878255988369BA812 /* Pods_nPhaseTestProject.framework in Frameworks */ = {isa = PBXBuildFile; fileRef = 3FE06C597FDBECF33B82AB07 /* Pods_nPhaseTestProject.framework */; };
/* End PBXBuildFile section */

/* Begin PBXContainerItemProxy section */
		3026FF542CCB8459007E854D /* PBXContainerItemProxy */ = {
			isa = PBXContainerItemProxy;
			containerPortal = 30A657492CCB692B00526FCA /* Project object */;
			proxyType = 1;
			remoteGlobalIDString = 30A657502CCB692B00526FCA;
			remoteInfo = nPhaseTestProject;
		};
/* End PBXContainerItemProxy section */

/* Begin PBXFileReference section */
		3026FF232CCB749B007E854D /* Coordinator.swift */ = {isa = PBXFileReference; lastKnownFileType = sourcecode.swift; path = Coordinator.swift; sourceTree = "<group>"; };
		3026FF272CCB7641007E854D /* BaseViewModel.swift */ = {isa = PBXFileReference; lastKnownFileType = sourcecode.swift; path = BaseViewModel.swift; sourceTree = "<group>"; };
		3026FF292CCB764C007E854D /* SurveyViewController.swift */ = {isa = PBXFileReference; lastKnownFileType = sourcecode.swift; path = SurveyViewController.swift; sourceTree = "<group>"; };
		3026FF2B2CCB7655007E854D /* SurveyViewModel.swift */ = {isa = PBXFileReference; lastKnownFileType = sourcecode.swift; path = SurveyViewModel.swift; sourceTree = "<group>"; };
		3026FF2D2CCB76DE007E854D /* SurveyHistoryViewController.swift */ = {isa = PBXFileReference; lastKnownFileType = sourcecode.swift; path = SurveyHistoryViewController.swift; sourceTree = "<group>"; };
		3026FF2F2CCB76EE007E854D /* SurveyHistoryViewModel.swift */ = {isa = PBXFileReference; lastKnownFileType = sourcecode.swift; path = SurveyHistoryViewModel.swift; sourceTree = "<group>"; };
		3026FF342CCB7743007E854D /* SurveyDetailsViewController.swift */ = {isa = PBXFileReference; lastKnownFileType = sourcecode.swift; path = SurveyDetailsViewController.swift; sourceTree = "<group>"; };
		3026FF362CCB7757007E854D /* SurveyDetailsViewModel.swift */ = {isa = PBXFileReference; lastKnownFileType = sourcecode.swift; path = SurveyDetailsViewModel.swift; sourceTree = "<group>"; };
		3026FF392CCB77CC007E854D /* SurveyCoordinator.swift */ = {isa = PBXFileReference; lastKnownFileType = sourcecode.swift; path = SurveyCoordinator.swift; sourceTree = "<group>"; };
		3026FF3B2CCB77D9007E854D /* SurveyHistoryCoordinator.swift */ = {isa = PBXFileReference; lastKnownFileType = sourcecode.swift; path = SurveyHistoryCoordinator.swift; sourceTree = "<group>"; };
		3026FF3D2CCB7C6E007E854D /* nPhaseTestProject-Bridging-Header.h */ = {isa = PBXFileReference; lastKnownFileType = sourcecode.c.h; path = "nPhaseTestProject-Bridging-Header.h"; sourceTree = "<group>"; };
		3026FF3E2CCB7C6E007E854D /* User.m */ = {isa = PBXFileReference; lastKnownFileType = sourcecode.c.objc; path = User.m; sourceTree = "<group>"; };
		3026FF402CCB7C77007E854D /* User.h */ = {isa = PBXFileReference; lastKnownFileType = sourcecode.c.h; path = User.h; sourceTree = "<group>"; };
		3026FF412CCB7CFA007E854D /* Interest.m */ = {isa = PBXFileReference; lastKnownFileType = sourcecode.c.objc; path = Interest.m; sourceTree = "<group>"; };
		3026FF432CCB7D02007E854D /* Interest.h */ = {isa = PBXFileReference; lastKnownFileType = sourcecode.c.h; path = Interest.h; sourceTree = "<group>"; };
		3026FF452CCB8353007E854D /* UserSerializationService.h */ = {isa = PBXFileReference; lastKnownFileType = sourcecode.c.h; path = UserSerializationService.h; sourceTree = "<group>"; };
		3026FF462CCB8366007E854D /* UserSerializationService.m */ = {isa = PBXFileReference; lastKnownFileType = sourcecode.c.objc; path = UserSerializationService.m; sourceTree = "<group>"; };
		3026FF492CCB83C4007E854D /* RealmStorageService.m */ = {isa = PBXFileReference; lastKnownFileType = sourcecode.c.objc; path = RealmStorageService.m; sourceTree = "<group>"; };
		3026FF4B2CCB83D1007E854D /* RealmStorageService.h */ = {isa = PBXFileReference; lastKnownFileType = sourcecode.c.h; path = RealmStorageService.h; sourceTree = "<group>"; };
		3026FF502CCB8459007E854D /* nPhaseTestProjectTests.xctest */ = {isa = PBXFileReference; explicitFileType = wrapper.cfbundle; includeInIndex = 0; path = nPhaseTestProjectTests.xctest; sourceTree = BUILT_PRODUCTS_DIR; };
		3026FF592CCB845F007E854D /* nPhaseTestProjectTests.swift */ = {isa = PBXFileReference; lastKnownFileType = sourcecode.swift; path = nPhaseTestProjectTests.swift; sourceTree = "<group>"; };
		3026FF5C2CCB8FA6007E854D /* UserJSONRealm.h */ = {isa = PBXFileReference; lastKnownFileType = sourcecode.c.h; path = UserJSONRealm.h; sourceTree = "<group>"; };
		3026FF5D2CCB8FB3007E854D /* UserJSONRealm.m */ = {isa = PBXFileReference; lastKnownFileType = sourcecode.c.objc; path = UserJSONRealm.m; sourceTree = "<group>"; };
		3088FCE72CCB6E7D009E8703 /* AppDelegate.swift */ = {isa = PBXFileReference; lastKnownFileType = sourcecode.swift; path = AppDelegate.swift; sourceTree = "<group>"; };
		3088FCE82CCB6E7D009E8703 /* Assets.xcassets */ = {isa = PBXFileReference; lastKnownFileType = folder.assetcatalog; path = Assets.xcassets; sourceTree = "<group>"; };
		3088FCE92CCB6E7D009E8703 /* Info.plist */ = {isa = PBXFileReference; lastKnownFileType = text.plist.xml; path = Info.plist; sourceTree = "<group>"; };
		3088FCEA2CCB6E7D009E8703 /* Base */ = {isa = PBXFileReference; lastKnownFileType = file.storyboard; name = Base; path = Base.lproj/LaunchScreen.storyboard; sourceTree = "<group>"; };
		3088FCEC2CCB6E7D009E8703 /* SurveyHomeViewController.swift */ = {isa = PBXFileReference; lastKnownFileType = sourcecode.swift; path = SurveyHomeViewController.swift; sourceTree = "<group>"; };
		308C968A7D309699E0EE760C /* Pods-nPhaseTestProject.release.xcconfig */ = {isa = PBXFileReference; includeInIndex = 1; lastKnownFileType = text.xcconfig; name = "Pods-nPhaseTestProject.release.xcconfig"; path = "Target Support Files/Pods-nPhaseTestProject/Pods-nPhaseTestProject.release.xcconfig"; sourceTree = "<group>"; };
		30A657512CCB692B00526FCA /* nPhaseTestProject.app */ = {isa = PBXFileReference; explicitFileType = wrapper.application; includeInIndex = 0; path = nPhaseTestProject.app; sourceTree = BUILT_PRODUCTS_DIR; };
		3FE06C597FDBECF33B82AB07 /* Pods_nPhaseTestProject.framework */ = {isa = PBXFileReference; explicitFileType = wrapper.framework; includeInIndex = 0; path = Pods_nPhaseTestProject.framework; sourceTree = BUILT_PRODUCTS_DIR; };
		F8037D916469FBEB47F0F5A6 /* Pods-nPhaseTestProject.debug.xcconfig */ = {isa = PBXFileReference; includeInIndex = 1; lastKnownFileType = text.xcconfig; name = "Pods-nPhaseTestProject.debug.xcconfig"; path = "Target Support Files/Pods-nPhaseTestProject/Pods-nPhaseTestProject.debug.xcconfig"; sourceTree = "<group>"; };
/* End PBXFileReference section */

/* Begin PBXFrameworksBuildPhase section */
		3026FF4D2CCB8459007E854D /* Frameworks */ = {
			isa = PBXFrameworksBuildPhase;
			buildActionMask = 2147483647;
			files = (
			);
			runOnlyForDeploymentPostprocessing = 0;
		};
		30A6574E2CCB692B00526FCA /* Frameworks */ = {
			isa = PBXFrameworksBuildPhase;
			buildActionMask = 2147483647;
			files = (
				756AFC5878255988369BA812 /* Pods_nPhaseTestProject.framework in Frameworks */,
			);
			runOnlyForDeploymentPostprocessing = 0;
		};
/* End PBXFrameworksBuildPhase section */

/* Begin PBXGroup section */
		11063644F2FC04B51D3C8E49 /* Frameworks */ = {
			isa = PBXGroup;
			children = (
				3FE06C597FDBECF33B82AB07 /* Pods_nPhaseTestProject.framework */,
			);
			name = Frameworks;
			sourceTree = "<group>";
		};
		3026FF252CCB75B5007E854D /* SurveyHome */ = {
			isa = PBXGroup;
			children = (
				3088FCEC2CCB6E7D009E8703 /* SurveyHomeViewController.swift */,
			);
			path = SurveyHome;
			sourceTree = "<group>";
		};
		3026FF262CCB75C1007E854D /* Coordinator */ = {
			isa = PBXGroup;
			children = (
				3026FF232CCB749B007E854D /* Coordinator.swift */,
				3026FF392CCB77CC007E854D /* SurveyCoordinator.swift */,
				3026FF3B2CCB77D9007E854D /* SurveyHistoryCoordinator.swift */,
			);
			path = Coordinator;
			sourceTree = "<group>";
		};
		3026FF312CCB76F6007E854D /* SurveyHistory */ = {
			isa = PBXGroup;
			children = (
				3026FF2D2CCB76DE007E854D /* SurveyHistoryViewController.swift */,
				3026FF2F2CCB76EE007E854D /* SurveyHistoryViewModel.swift */,
			);
			path = SurveyHistory;
			sourceTree = "<group>";
		};
		3026FF322CCB7703007E854D /* Survey */ = {
			isa = PBXGroup;
			children = (
				3026FF292CCB764C007E854D /* SurveyViewController.swift */,
				3026FF2B2CCB7655007E854D /* SurveyViewModel.swift */,
			);
			path = Survey;
			sourceTree = "<group>";
		};
		3026FF332CCB772A007E854D /* Helpers */ = {
			isa = PBXGroup;
			children = (
				3026FF272CCB7641007E854D /* BaseViewModel.swift */,
			);
			path = Helpers;
			sourceTree = "<group>";
		};
		3026FF382CCB775E007E854D /* SurveyDetails */ = {
			isa = PBXGroup;
			children = (
				3026FF342CCB7743007E854D /* SurveyDetailsViewController.swift */,
				3026FF362CCB7757007E854D /* SurveyDetailsViewModel.swift */,
			);
			path = SurveyDetails;
			sourceTree = "<group>";
		};
		3026FF442CCB7D09007E854D /* Model */ = {
			isa = PBXGroup;
			children = (
				3026FF3E2CCB7C6E007E854D /* User.m */,
				3026FF402CCB7C77007E854D /* User.h */,
				3026FF412CCB7CFA007E854D /* Interest.m */,
				3026FF432CCB7D02007E854D /* Interest.h */,
				3026FF5C2CCB8FA6007E854D /* UserJSONRealm.h */,
				3026FF5D2CCB8FB3007E854D /* UserJSONRealm.m */,
			);
			path = Model;
			sourceTree = "<group>";
		};
		3026FF482CCB8371007E854D /* Service */ = {
			isa = PBXGroup;
			children = (
				3026FF452CCB8353007E854D /* UserSerializationService.h */,
				3026FF462CCB8366007E854D /* UserSerializationService.m */,
				3026FF492CCB83C4007E854D /* RealmStorageService.m */,
				3026FF4B2CCB83D1007E854D /* RealmStorageService.h */,
			);
			path = Service;
			sourceTree = "<group>";
		};
		3026FF5A2CCB845F007E854D /* nPhaseTestProjectTests */ = {
			isa = PBXGroup;
			children = (
				3026FF592CCB845F007E854D /* nPhaseTestProjectTests.swift */,
			);
			path = nPhaseTestProjectTests;
			sourceTree = "<group>";
		};
		3088FCED2CCB6E7D009E8703 /* nPhaseTestProject */ = {
			isa = PBXGroup;
			children = (
				3088FCE72CCB6E7D009E8703 /* AppDelegate.swift */,
				3088FCE82CCB6E7D009E8703 /* Assets.xcassets */,
				3088FCE92CCB6E7D009E8703 /* Info.plist */,
				3088FCEB2CCB6E7D009E8703 /* LaunchScreen.storyboard */,
				3026FF3D2CCB7C6E007E854D /* nPhaseTestProject-Bridging-Header.h */,
				3026FF482CCB8371007E854D /* Service */,
				3026FF442CCB7D09007E854D /* Model */,
				3026FF262CCB75C1007E854D /* Coordinator */,
				3026FF332CCB772A007E854D /* Helpers */,
				3026FF322CCB7703007E854D /* Survey */,
				3026FF312CCB76F6007E854D /* SurveyHistory */,
				3026FF252CCB75B5007E854D /* SurveyHome */,
				3026FF382CCB775E007E854D /* SurveyDetails */,
			);
			path = nPhaseTestProject;
			sourceTree = "<group>";
		};
		30A657482CCB692B00526FCA = {
			isa = PBXGroup;
			children = (
				3088FCED2CCB6E7D009E8703 /* nPhaseTestProject */,
				3026FF5A2CCB845F007E854D /* nPhaseTestProjectTests */,
				30A657522CCB692B00526FCA /* Products */,
				DD5B2889509E9BCC702EF62C /* Pods */,
				11063644F2FC04B51D3C8E49 /* Frameworks */,
			);
			sourceTree = "<group>";
		};
		30A657522CCB692B00526FCA /* Products */ = {
			isa = PBXGroup;
			children = (
				30A657512CCB692B00526FCA /* nPhaseTestProject.app */,
				3026FF502CCB8459007E854D /* nPhaseTestProjectTests.xctest */,
			);
			name = Products;
			sourceTree = "<group>";
		};
		DD5B2889509E9BCC702EF62C /* Pods */ = {
			isa = PBXGroup;
			children = (
				F8037D916469FBEB47F0F5A6 /* Pods-nPhaseTestProject.debug.xcconfig */,
				308C968A7D309699E0EE760C /* Pods-nPhaseTestProject.release.xcconfig */,
			);
			path = Pods;
			sourceTree = "<group>";
		};
/* End PBXGroup section */

/* Begin PBXNativeTarget section */
		3026FF4F2CCB8459007E854D /* nPhaseTestProjectTests */ = {
			isa = PBXNativeTarget;
			buildConfigurationList = 3026FF562CCB8459007E854D /* Build configuration list for PBXNativeTarget "nPhaseTestProjectTests" */;
			buildPhases = (
				3026FF4C2CCB8459007E854D /* Sources */,
				3026FF4D2CCB8459007E854D /* Frameworks */,
				3026FF4E2CCB8459007E854D /* Resources */,
			);
			buildRules = (
			);
			dependencies = (
				3026FF552CCB8459007E854D /* PBXTargetDependency */,
			);
			name = nPhaseTestProjectTests;
			packageProductDependencies = (
			);
			productName = nPhaseTestProjectTests;
			productReference = 3026FF502CCB8459007E854D /* nPhaseTestProjectTests.xctest */;
			productType = "com.apple.product-type.bundle.unit-test";
		};
		30A657502CCB692B00526FCA /* nPhaseTestProject */ = {
			isa = PBXNativeTarget;
			buildConfigurationList = 30A657642CCB692C00526FCA /* Build configuration list for PBXNativeTarget "nPhaseTestProject" */;
			buildPhases = (
				CF193A1F0A355ED639510F1D /* [CP] Check Pods Manifest.lock */,
				30A6574D2CCB692B00526FCA /* Sources */,
				30A6574E2CCB692B00526FCA /* Frameworks */,
				30A6574F2CCB692B00526FCA /* Resources */,
				10BC4AAB7754E56F9846A455 /* [CP] Embed Pods Frameworks */,
			);
			buildRules = (
			);
			dependencies = (
			);
			name = nPhaseTestProject;
			productName = nPhaseTestProject;
			productReference = 30A657512CCB692B00526FCA /* nPhaseTestProject.app */;
			productType = "com.apple.product-type.application";
		};
/* End PBXNativeTarget section */

/* Begin PBXProject section */
		30A657492CCB692B00526FCA /* Project object */ = {
			isa = PBXProject;
			attributes = {
				BuildIndependentTargetsInParallel = 1;
				LastSwiftUpdateCheck = 1600;
				LastUpgradeCheck = 1600;
				TargetAttributes = {
					3026FF4F2CCB8459007E854D = {
						CreatedOnToolsVersion = 16.0;
						TestTargetID = 30A657502CCB692B00526FCA;
					};
					30A657502CCB692B00526FCA = {
						CreatedOnToolsVersion = 16.0;
						LastSwiftMigration = 1600;
					};
				};
			};
			buildConfigurationList = 30A6574C2CCB692B00526FCA /* Build configuration list for PBXProject "nPhaseTestProject" */;
			compatibilityVersion = "Xcode 14.0";
			developmentRegion = en;
			hasScannedForEncodings = 0;
			knownRegions = (
				en,
				Base,
			);
			mainGroup = 30A657482CCB692B00526FCA;
			productRefGroup = 30A657522CCB692B00526FCA /* Products */;
			projectDirPath = "";
			projectRoot = "";
			targets = (
				30A657502CCB692B00526FCA /* nPhaseTestProject */,
				3026FF4F2CCB8459007E854D /* nPhaseTestProjectTests */,
			);
		};
/* End PBXProject section */

/* Begin PBXResourcesBuildPhase section */
		3026FF4E2CCB8459007E854D /* Resources */ = {
			isa = PBXResourcesBuildPhase;
			buildActionMask = 2147483647;
			files = (
			);
			runOnlyForDeploymentPostprocessing = 0;
		};
		30A6574F2CCB692B00526FCA /* Resources */ = {
			isa = PBXResourcesBuildPhase;
			buildActionMask = 2147483647;
			files = (
				3088FCF02CCB6E7D009E8703 /* Assets.xcassets in Resources */,
				3088FCF22CCB6E7D009E8703 /* LaunchScreen.storyboard in Resources */,
			);
			runOnlyForDeploymentPostprocessing = 0;
		};
/* End PBXResourcesBuildPhase section */

/* Begin PBXShellScriptBuildPhase section */
		10BC4AAB7754E56F9846A455 /* [CP] Embed Pods Frameworks */ = {
			isa = PBXShellScriptBuildPhase;
			buildActionMask = 2147483647;
			files = (
			);
			inputFileListPaths = (
				"${PODS_ROOT}/Target Support Files/Pods-nPhaseTestProject/Pods-nPhaseTestProject-frameworks-${CONFIGURATION}-input-files.xcfilelist",
			);
			name = "[CP] Embed Pods Frameworks";
			outputFileListPaths = (
				"${PODS_ROOT}/Target Support Files/Pods-nPhaseTestProject/Pods-nPhaseTestProject-frameworks-${CONFIGURATION}-output-files.xcfilelist",
			);
			runOnlyForDeploymentPostprocessing = 0;
			shellPath = /bin/sh;
			shellScript = "\"${PODS_ROOT}/Target Support Files/Pods-nPhaseTestProject/Pods-nPhaseTestProject-frameworks.sh\"\n";
			showEnvVarsInLog = 0;
		};
		CF193A1F0A355ED639510F1D /* [CP] Check Pods Manifest.lock */ = {
			isa = PBXShellScriptBuildPhase;
			buildActionMask = 2147483647;
			files = (
			);
			inputFileListPaths = (
			);
			inputPaths = (
				"${PODS_PODFILE_DIR_PATH}/Podfile.lock",
				"${PODS_ROOT}/Manifest.lock",
			);
			name = "[CP] Check Pods Manifest.lock";
			outputFileListPaths = (
			);
			outputPaths = (
				"$(DERIVED_FILE_DIR)/Pods-nPhaseTestProject-checkManifestLockResult.txt",
			);
			runOnlyForDeploymentPostprocessing = 0;
			shellPath = /bin/sh;
			shellScript = "diff \"${PODS_PODFILE_DIR_PATH}/Podfile.lock\" \"${PODS_ROOT}/Manifest.lock\" > /dev/null\nif [ $? != 0 ] ; then\n    # print error to STDERR\n    echo \"error: The sandbox is not in sync with the Podfile.lock. Run 'pod install' or update your CocoaPods installation.\" >&2\n    exit 1\nfi\n# This output is used by Xcode 'outputs' to avoid re-running this script phase.\necho \"SUCCESS\" > \"${SCRIPT_OUTPUT_FILE_0}\"\n";
			showEnvVarsInLog = 0;
		};
/* End PBXShellScriptBuildPhase section */

/* Begin PBXSourcesBuildPhase section */
		3026FF4C2CCB8459007E854D /* Sources */ = {
			isa = PBXSourcesBuildPhase;
			buildActionMask = 2147483647;
			files = (
				3026FF5B2CCB845F007E854D /* nPhaseTestProjectTests.swift in Sources */,
			);
			runOnlyForDeploymentPostprocessing = 0;
		};
		30A6574D2CCB692B00526FCA /* Sources */ = {
			isa = PBXSourcesBuildPhase;
			buildActionMask = 2147483647;
			files = (
				3026FF3F2CCB7C6E007E854D /* User.m in Sources */,
				3026FF2C2CCB7655007E854D /* SurveyViewModel.swift in Sources */,
				3026FF3C2CCB77D9007E854D /* SurveyHistoryCoordinator.swift in Sources */,
				3026FF372CCB7757007E854D /* SurveyDetailsViewModel.swift in Sources */,
				3088FCEE2CCB6E7D009E8703 /* AppDelegate.swift in Sources */,
				3026FF3A2CCB77CC007E854D /* SurveyCoordinator.swift in Sources */,
				3026FF282CCB7641007E854D /* BaseViewModel.swift in Sources */,
				3026FF4A2CCB83C4007E854D /* RealmStorageService.m in Sources */,
				3026FF302CCB76EE007E854D /* SurveyHistoryViewModel.swift in Sources */,
				3088FCEF2CCB6E7D009E8703 /* SurveyHomeViewController.swift in Sources */,
				3026FF242CCB749B007E854D /* Coordinator.swift in Sources */,
				3026FF5E2CCB8FB4007E854D /* UserJSONRealm.m in Sources */,
				3026FF352CCB7743007E854D /* SurveyDetailsViewController.swift in Sources */,
				3026FF2A2CCB764C007E854D /* SurveyViewController.swift in Sources */,
				3026FF472CCB8366007E854D /* UserSerializationService.m in Sources */,
				3026FF2E2CCB76DE007E854D /* SurveyHistoryViewController.swift in Sources */,
				3026FF422CCB7CFA007E854D /* Interest.m in Sources */,
			);
			runOnlyForDeploymentPostprocessing = 0;
		};
/* End PBXSourcesBuildPhase section */

/* Begin PBXTargetDependency section */
		3026FF552CCB8459007E854D /* PBXTargetDependency */ = {
			isa = PBXTargetDependency;
			target = 30A657502CCB692B00526FCA /* nPhaseTestProject */;
			targetProxy = 3026FF542CCB8459007E854D /* PBXContainerItemProxy */;
		};
/* End PBXTargetDependency section */

/* Begin PBXVariantGroup section */
		3088FCEB2CCB6E7D009E8703 /* LaunchScreen.storyboard */ = {
			isa = PBXVariantGroup;
			children = (
				3088FCEA2CCB6E7D009E8703 /* Base */,
			);
			name = LaunchScreen.storyboard;
			sourceTree = "<group>";
		};
/* End PBXVariantGroup section */

/* Begin XCBuildConfiguration section */
		3026FF572CCB8459007E854D /* Debug */ = {
			isa = XCBuildConfiguration;
			buildSettings = {
				BUNDLE_LOADER = "$(TEST_HOST)";
				CODE_SIGN_STYLE = Automatic;
				CURRENT_PROJECT_VERSION = 1;
				ENABLE_USER_SCRIPT_SANDBOXING = YES;
				GENERATE_INFOPLIST_FILE = YES;
				MARKETING_VERSION = 1.0;
				PRODUCT_BUNDLE_IDENTIFIER = com.akoryagin.nPhaseTestProjectTests;
				PRODUCT_NAME = "$(TARGET_NAME)";
				SWIFT_EMIT_LOC_STRINGS = NO;
				SWIFT_VERSION = 5.0;
				TARGETED_DEVICE_FAMILY = "1,2";
				TEST_HOST = "$(BUILT_PRODUCTS_DIR)/nPhaseTestProject.app/$(BUNDLE_EXECUTABLE_FOLDER_PATH)/nPhaseTestProject";
			};
			name = Debug;
		};
		3026FF582CCB8459007E854D /* Release */ = {
			isa = XCBuildConfiguration;
			buildSettings = {
				BUNDLE_LOADER = "$(TEST_HOST)";
				CODE_SIGN_STYLE = Automatic;
				CURRENT_PROJECT_VERSION = 1;
				ENABLE_USER_SCRIPT_SANDBOXING = YES;
				GENERATE_INFOPLIST_FILE = YES;
				MARKETING_VERSION = 1.0;
				PRODUCT_BUNDLE_IDENTIFIER = com.akoryagin.nPhaseTestProjectTests;
				PRODUCT_NAME = "$(TARGET_NAME)";
				SWIFT_EMIT_LOC_STRINGS = NO;
				SWIFT_VERSION = 5.0;
				TARGETED_DEVICE_FAMILY = "1,2";
				TEST_HOST = "$(BUILT_PRODUCTS_DIR)/nPhaseTestProject.app/$(BUNDLE_EXECUTABLE_FOLDER_PATH)/nPhaseTestProject";
			};
			name = Release;
		};
		30A657652CCB692C00526FCA /* Debug */ = {
			isa = XCBuildConfiguration;
			baseConfigurationReference = F8037D916469FBEB47F0F5A6 /* Pods-nPhaseTestProject.debug.xcconfig */;
			buildSettings = {
				ASSETCATALOG_COMPILER_APPICON_NAME = AppIcon;
				ASSETCATALOG_COMPILER_GLOBAL_ACCENT_COLOR_NAME = AccentColor;
				CLANG_ENABLE_MODULES = YES;
				CODE_SIGN_STYLE = Automatic;
				CURRENT_PROJECT_VERSION = 1;
				GENERATE_INFOPLIST_FILE = YES;
				INFOPLIST_FILE = nPhaseTestProject/Info.plist;
				INFOPLIST_KEY_UIApplicationSupportsIndirectInputEvents = YES;
				INFOPLIST_KEY_UILaunchStoryboardName = LaunchScreen;
				INFOPLIST_KEY_UISupportedInterfaceOrientations_iPad = "UIInterfaceOrientationPortrait UIInterfaceOrientationPortraitUpsideDown UIInterfaceOrientationLandscapeLeft UIInterfaceOrientationLandscapeRight";
				INFOPLIST_KEY_UISupportedInterfaceOrientations_iPhone = "UIInterfaceOrientationPortrait UIInterfaceOrientationLandscapeLeft UIInterfaceOrientationLandscapeRight";
				IPHONEOS_DEPLOYMENT_TARGET = 15.6;
				LD_RUNPATH_SEARCH_PATHS = (
					"$(inherited)",
					"@executable_path/Frameworks",
				);
				MARKETING_VERSION = 1.0;
				PRODUCT_BUNDLE_IDENTIFIER = com.akoryagin.nPhaseTestProject;
				PRODUCT_NAME = "$(TARGET_NAME)";
				SWIFT_EMIT_LOC_STRINGS = YES;
				SWIFT_OBJC_BRIDGING_HEADER = "nPhaseTestProject/nPhaseTestProject-Bridging-Header.h";
				SWIFT_OPTIMIZATION_LEVEL = "-Onone";
				SWIFT_VERSION = 5.0;
				TARGETED_DEVICE_FAMILY = "1,2";
			};
			name = Debug;
		};
		30A657662CCB692C00526FCA /* Release */ = {
			isa = XCBuildConfiguration;
			baseConfigurationReference = 308C968A7D309699E0EE760C /* Pods-nPhaseTestProject.release.xcconfig */;
			buildSettings = {
				ASSETCATALOG_COMPILER_APPICON_NAME = AppIcon;
				ASSETCATALOG_COMPILER_GLOBAL_ACCENT_COLOR_NAME = AccentColor;
				CLANG_ENABLE_MODULES = YES;
				CODE_SIGN_STYLE = Automatic;
				CURRENT_PROJECT_VERSION = 1;
				GENERATE_INFOPLIST_FILE = YES;
				INFOPLIST_FILE = nPhaseTestProject/Info.plist;
				INFOPLIST_KEY_UIApplicationSupportsIndirectInputEvents = YES;
				INFOPLIST_KEY_UILaunchStoryboardName = LaunchScreen;
				INFOPLIST_KEY_UISupportedInterfaceOrientations_iPad = "UIInterfaceOrientationPortrait UIInterfaceOrientationPortraitUpsideDown UIInterfaceOrientationLandscapeLeft UIInterfaceOrientationLandscapeRight";
				INFOPLIST_KEY_UISupportedInterfaceOrientations_iPhone = "UIInterfaceOrientationPortrait UIInterfaceOrientationLandscapeLeft UIInterfaceOrientationLandscapeRight";
				IPHONEOS_DEPLOYMENT_TARGET = 15.6;
				LD_RUNPATH_SEARCH_PATHS = (
					"$(inherited)",
					"@executable_path/Frameworks",
				);
				MARKETING_VERSION = 1.0;
				PRODUCT_BUNDLE_IDENTIFIER = com.akoryagin.nPhaseTestProject;
				PRODUCT_NAME = "$(TARGET_NAME)";
				SWIFT_EMIT_LOC_STRINGS = YES;
				SWIFT_OBJC_BRIDGING_HEADER = "nPhaseTestProject/nPhaseTestProject-Bridging-Header.h";
				SWIFT_VERSION = 5.0;
				TARGETED_DEVICE_FAMILY = "1,2";
			};
			name = Release;
		};
		30A657672CCB692C00526FCA /* Debug */ = {
			isa = XCBuildConfiguration;
			buildSettings = {
				ALWAYS_SEARCH_USER_PATHS = NO;
				ASSETCATALOG_COMPILER_GENERATE_SWIFT_ASSET_SYMBOL_EXTENSIONS = YES;
				CLANG_ANALYZER_NONNULL = YES;
				CLANG_ANALYZER_NUMBER_OBJECT_CONVERSION = YES_AGGRESSIVE;
				CLANG_CXX_LANGUAGE_STANDARD = "gnu++20";
				CLANG_ENABLE_MODULES = YES;
				CLANG_ENABLE_OBJC_ARC = YES;
				CLANG_ENABLE_OBJC_WEAK = YES;
				CLANG_WARN_BLOCK_CAPTURE_AUTORELEASING = YES;
				CLANG_WARN_BOOL_CONVERSION = YES;
				CLANG_WARN_COMMA = YES;
				CLANG_WARN_CONSTANT_CONVERSION = YES;
				CLANG_WARN_DEPRECATED_OBJC_IMPLEMENTATIONS = YES;
				CLANG_WARN_DIRECT_OBJC_ISA_USAGE = YES_ERROR;
				CLANG_WARN_DOCUMENTATION_COMMENTS = YES;
				CLANG_WARN_EMPTY_BODY = YES;
				CLANG_WARN_ENUM_CONVERSION = YES;
				CLANG_WARN_INFINITE_RECURSION = YES;
				CLANG_WARN_INT_CONVERSION = YES;
				CLANG_WARN_NON_LITERAL_NULL_CONVERSION = YES;
				CLANG_WARN_OBJC_IMPLICIT_RETAIN_SELF = YES;
				CLANG_WARN_OBJC_LITERAL_CONVERSION = YES;
				CLANG_WARN_OBJC_ROOT_CLASS = YES_ERROR;
				CLANG_WARN_QUOTED_INCLUDE_IN_FRAMEWORK_HEADER = YES;
				CLANG_WARN_RANGE_LOOP_ANALYSIS = YES;
				CLANG_WARN_STRICT_PROTOTYPES = YES;
				CLANG_WARN_SUSPICIOUS_MOVE = YES;
				CLANG_WARN_UNGUARDED_AVAILABILITY = YES_AGGRESSIVE;
				CLANG_WARN_UNREACHABLE_CODE = YES;
				CLANG_WARN__DUPLICATE_METHOD_MATCH = YES;
				COPY_PHASE_STRIP = NO;
				DEBUG_INFORMATION_FORMAT = dwarf;
				ENABLE_STRICT_OBJC_MSGSEND = YES;
				ENABLE_TESTABILITY = YES;
				ENABLE_USER_SCRIPT_SANDBOXING = NO;
				GCC_C_LANGUAGE_STANDARD = gnu17;
				GCC_DYNAMIC_NO_PIC = NO;
				GCC_NO_COMMON_BLOCKS = YES;
				GCC_OPTIMIZATION_LEVEL = 0;
				GCC_PREPROCESSOR_DEFINITIONS = (
					"DEBUG=1",
					"$(inherited)",
				);
				GCC_WARN_64_TO_32_BIT_CONVERSION = YES;
				GCC_WARN_ABOUT_RETURN_TYPE = YES_ERROR;
				GCC_WARN_UNDECLARED_SELECTOR = YES;
				GCC_WARN_UNINITIALIZED_AUTOS = YES_AGGRESSIVE;
				GCC_WARN_UNUSED_FUNCTION = YES;
				GCC_WARN_UNUSED_VARIABLE = YES;
				IPHONEOS_DEPLOYMENT_TARGET = 18.0;
				LOCALIZATION_PREFERS_STRING_CATALOGS = YES;
				MTL_ENABLE_DEBUG_INFO = INCLUDE_SOURCE;
				MTL_FAST_MATH = YES;
				ONLY_ACTIVE_ARCH = YES;
				SDKROOT = iphoneos;
				SWIFT_ACTIVE_COMPILATION_CONDITIONS = "DEBUG $(inherited)";
				SWIFT_OPTIMIZATION_LEVEL = "-Onone";
			};
			name = Debug;
		};
		30A657682CCB692C00526FCA /* Release */ = {
			isa = XCBuildConfiguration;
			buildSettings = {
				ALWAYS_SEARCH_USER_PATHS = NO;
				ASSETCATALOG_COMPILER_GENERATE_SWIFT_ASSET_SYMBOL_EXTENSIONS = YES;
				CLANG_ANALYZER_NONNULL = YES;
				CLANG_ANALYZER_NUMBER_OBJECT_CONVERSION = YES_AGGRESSIVE;
				CLANG_CXX_LANGUAGE_STANDARD = "gnu++20";
				CLANG_ENABLE_MODULES = YES;
				CLANG_ENABLE_OBJC_ARC = YES;
				CLANG_ENABLE_OBJC_WEAK = YES;
				CLANG_WARN_BLOCK_CAPTURE_AUTORELEASING = YES;
				CLANG_WARN_BOOL_CONVERSION = YES;
				CLANG_WARN_COMMA = YES;
				CLANG_WARN_CONSTANT_CONVERSION = YES;
				CLANG_WARN_DEPRECATED_OBJC_IMPLEMENTATIONS = YES;
				CLANG_WARN_DIRECT_OBJC_ISA_USAGE = YES_ERROR;
				CLANG_WARN_DOCUMENTATION_COMMENTS = YES;
				CLANG_WARN_EMPTY_BODY = YES;
				CLANG_WARN_ENUM_CONVERSION = YES;
				CLANG_WARN_INFINITE_RECURSION = YES;
				CLANG_WARN_INT_CONVERSION = YES;
				CLANG_WARN_NON_LITERAL_NULL_CONVERSION = YES;
				CLANG_WARN_OBJC_IMPLICIT_RETAIN_SELF = YES;
				CLANG_WARN_OBJC_LITERAL_CONVERSION = YES;
				CLANG_WARN_OBJC_ROOT_CLASS = YES_ERROR;
				CLANG_WARN_QUOTED_INCLUDE_IN_FRAMEWORK_HEADER = YES;
				CLANG_WARN_RANGE_LOOP_ANALYSIS = YES;
				CLANG_WARN_STRICT_PROTOTYPES = YES;
				CLANG_WARN_SUSPICIOUS_MOVE = YES;
				CLANG_WARN_UNGUARDED_AVAILABILITY = YES_AGGRESSIVE;
				CLANG_WARN_UNREACHABLE_CODE = YES;
				CLANG_WARN__DUPLICATE_METHOD_MATCH = YES;
				COPY_PHASE_STRIP = NO;
				DEBUG_INFORMATION_FORMAT = "dwarf-with-dsym";
				ENABLE_NS_ASSERTIONS = NO;
				ENABLE_STRICT_OBJC_MSGSEND = YES;
				ENABLE_USER_SCRIPT_SANDBOXING = NO;
				GCC_C_LANGUAGE_STANDARD = gnu17;
				GCC_NO_COMMON_BLOCKS = YES;
				GCC_WARN_64_TO_32_BIT_CONVERSION = YES;
				GCC_WARN_ABOUT_RETURN_TYPE = YES_ERROR;
				GCC_WARN_UNDECLARED_SELECTOR = YES;
				GCC_WARN_UNINITIALIZED_AUTOS = YES_AGGRESSIVE;
				GCC_WARN_UNUSED_FUNCTION = YES;
				GCC_WARN_UNUSED_VARIABLE = YES;
				IPHONEOS_DEPLOYMENT_TARGET = 18.0;
				LOCALIZATION_PREFERS_STRING_CATALOGS = YES;
				MTL_ENABLE_DEBUG_INFO = NO;
				MTL_FAST_MATH = YES;
				SDKROOT = iphoneos;
				SWIFT_COMPILATION_MODE = wholemodule;
				VALIDATE_PRODUCT = YES;
			};
			name = Release;
		};
/* End XCBuildConfiguration section */

/* Begin XCConfigurationList section */
		3026FF562CCB8459007E854D /* Build configuration list for PBXNativeTarget "nPhaseTestProjectTests" */ = {
			isa = XCConfigurationList;
			buildConfigurations = (
				3026FF572CCB8459007E854D /* Debug */,
				3026FF582CCB8459007E854D /* Release */,
			);
			defaultConfigurationIsVisible = 0;
			defaultConfigurationName = Release;
		};
		30A6574C2CCB692B00526FCA /* Build configuration list for PBXProject "nPhaseTestProject" */ = {
			isa = XCConfigurationList;
			buildConfigurations = (
				30A657672CCB692C00526FCA /* Debug */,
				30A657682CCB692C00526FCA /* Release */,
			);
			defaultConfigurationIsVisible = 0;
			defaultConfigurationName = Release;
		};
		30A657642CCB692C00526FCA /* Build configuration list for PBXNativeTarget "nPhaseTestProject" */ = {
			isa = XCConfigurationList;
			buildConfigurations = (
				30A657652CCB692C00526FCA /* Debug */,
				30A657662CCB692C00526FCA /* Release */,
			);
			defaultConfigurationIsVisible = 0;
			defaultConfigurationName = Release;
		};
/* End XCConfigurationList section */
	};
	rootObject = 30A657492CCB692B00526FCA /* Project object */;
}
